
Microsoft Visual Studio Solution File, Format Version 12.00
# Visual Studio Version 16
VisualStudioVersion = 16.0.29613.14
MinimumVisualStudioVersion = 10.0.40219.1
Project("{9A19103F-16F7-4668-BE54-9A1E7A4F7556}") = "DemoProjectWebApi", "DemoProjectWebApi\DemoProjectWebApi.csproj", "{5C41FA9E-AE7A-4183-8689-84508A072A34}"
EndProject
Project("{9A19103F-16F7-4668-BE54-9A1E7A4F7556}") = "EmployeeManagement.DataAccess", "EmployeeManagement.DataAccess\EmployeeManagement.DataAccess.csproj", "{8C8511C4-5023-453D-A5BC-15378CD6F201}"
EndProject
Project("{9A19103F-16F7-4668-BE54-9A1E7A4F7556}") = "EmployeeManagement.Service", "EmployeeManagement.Service\EmployeeManagement.Service.csproj", "{5896818F-C622-45CA-8DAB-B5B236A531DC}"
EndProject
Project("{FAE04EC0-301F-11D3-BF4B-00C04F79EFBC}") = "EmployeeManagement", "EmployeeManagement\EmployeeManagement.csproj", "{6E38B105-1711-427C-833B-18BA080FECDC}"
EndProject
Global
	GlobalSection(SolutionConfigurationPlatforms) = preSolution
		Debug|Any CPU = Debug|Any CPU
		Release|Any CPU = Release|Any CPU
	EndGlobalSection
	GlobalSection(ProjectConfigurationPlatforms) = postSolution
		{5C41FA9E-AE7A-4183-8689-84508A072A34}.Debug|Any CPU.ActiveCfg = Debug|Any CPU
		{5C41FA9E-AE7A-4183-8689-84508A072A34}.Debug|Any CPU.Build.0 = Debug|Any CPU
		{5C41FA9E-AE7A-4183-8689-84508A072A34}.Release|Any CPU.ActiveCfg = Release|Any CPU
		{5C41FA9E-AE7A-4183-8689-84508A072A34}.Release|Any CPU.Build.0 = Release|Any CPU
		{8C8511C4-5023-453D-A5BC-15378CD6F201}.Debug|Any CPU.ActiveCfg = Debug|Any CPU
		{8C8511C4-5023-453D-A5BC-15378CD6F201}.Debug|Any CPU.Build.0 = Debug|Any CPU
		{8C8511C4-5023-453D-A5BC-15378CD6F201}.Release|Any CPU.ActiveCfg = Release|Any CPU
		{8C8511C4-5023-453D-A5BC-15378CD6F201}.Release|Any CPU.Build.0 = Release|Any CPU
		{5896818F-C622-45CA-8DAB-B5B236A531DC}.Debug|Any CPU.ActiveCfg = Debug|Any CPU
		{5896818F-C622-45CA-8DAB-B5B236A531DC}.Debug|Any CPU.Build.0 = Debug|Any CPU
		{5896818F-C622-45CA-8DAB-B5B236A531DC}.Release|Any CPU.ActiveCfg = Release|Any CPU
		{5896818F-C622-45CA-8DAB-B5B236A531DC}.Release|Any CPU.Build.0 = Release|Any CPU
		{6E38B105-1711-427C-833B-18BA080FECDC}.Debug|Any CPU.ActiveCfg = Debug|Any CPU
		{6E38B105-1711-427C-833B-18BA080FECDC}.Debug|Any CPU.Build.0 = Debug|Any CPU
		{6E38B105-1711-427C-833B-18BA080FECDC}.Release|Any CPU.ActiveCfg = Release|Any CPU
		{6E38B105-1711-427C-833B-18BA080FECDC}.Release|Any CPU.Build.0 = Release|Any CPU
	EndGlobalSection
	GlobalSection(SolutionProperties) = preSolution
		HideSolutionNode = FALSE
	EndGlobalSection
	GlobalSection(ExtensibilityGlobals) = postSolution
		SolutionGuid = {8BF3289E-A911-4A25-BD81-B03171CB65A9}
	EndGlobalSection
EndGlobal
